
Microsoft Visual Studio Solution File, Format Version 12.00
# Visual Studio Version 17
VisualStudioVersion = 17.7.34024.191
MinimumVisualStudioVersion = 10.0.40219.1
Project("{FAE04EC0-301F-11D3-BF4B-00C04F79EFBC}") = "Prakt8(Rodin)", "Prakt8(Rodin).csproj", "{3B185275-D536-4736-9FFB-30CB7CAD1BDD}"
EndProject
Global
	GlobalSection(SolutionConfigurationPlatforms) = preSolution
		Debug|Any CPU = Debug|Any CPU
		Release|Any CPU = Release|Any CPU
	EndGlobalSection
	GlobalSection(ProjectConfigurationPlatforms) = postSolution
		{3B185275-D536-4736-9FFB-30CB7CAD1BDD}.Debug|Any CPU.ActiveCfg = Debug|Any CPU
		{3B185275-D536-4736-9FFB-30CB7CAD1BDD}.Debug|Any CPU.Build.0 = Debug|Any CPU
		{3B185275-D536-4736-9FFB-30CB7CAD1BDD}.Release|Any CPU.ActiveCfg = Release|Any CPU
		{3B185275-D536-4736-9FFB-30CB7CAD1BDD}.Release|Any CPU.Build.0 = Release|Any CPU
	EndGlobalSection
	GlobalSection(SolutionProperties) = preSolution
		HideSolutionNode = FALSE
	EndGlobalSection
	GlobalSection(ExtensibilityGlobals) = postSolution
		SolutionGuid = {6EEAE4F2-0062-41BB-83FD-46B64730AB7C}
	EndGlobalSection
EndGlobal
